{
  "requires": true,
  "lockfileVersion": 1,
  "dependencies": {
    "openweather-apis": {
      "version": "4.2.0",
      "resolved": "https://registry.npmjs.org/openweather-apis/-/openweather-apis-4.2.0.tgz",
      "integrity": "sha512-NoToTju38NzOM2DWkmVcx8I2I5Ge1gikBC3rVK1sTtKZ+OjIa/ZDQcs6XmmmVuCjRugYR1q6Sg3yEtfHvUSlFg=="
    }
  }
}
